
Microsoft Visual Studio Solution File, Format Version 11.00
# Visual Studio 2010
Project("{FAE04EC0-301F-11D3-BF4B-00C04F79EFBC}") = "Core.Input", "Core.Input.csproj", "{daf5ad3f-bd5b-7a4e-baca-0e006f668f89}"
EndProject
Project("{FAE04EC0-301F-11D3-BF4B-00C04F79EFBC}") = "Assembly-CSharp", "Assembly-CSharp.csproj", "{30daff4c-630e-9e03-0dca-dac117ce2649}"
EndProject
Project("{FAE04EC0-301F-11D3-BF4B-00C04F79EFBC}") = "DOTween.Modules", "DOTween.Modules.csproj", "{3a32b035-13a3-a7c9-ac19-3e89a0371fba}"
EndProject
Project("{FAE04EC0-301F-11D3-BF4B-00C04F79EFBC}") = "Player", "Player.csproj", "{17e921ab-c3b2-7353-5c44-6a97174cc4ef}"
EndProject
Project("{FAE04EC0-301F-11D3-BF4B-00C04F79EFBC}") = "GameMain", "GameMain.csproj", "{dc94e657-05ce-16d7-805e-74dfc3666403}"
EndProject
Project("{FAE04EC0-301F-11D3-BF4B-00C04F79EFBC}") = "Utility", "Utility.csproj", "{280ffc77-3407-018b-b44c-ea54ddac0daf}"
EndProject
Project("{FAE04EC0-301F-11D3-BF4B-00C04F79EFBC}") = "Assembly-CSharp-Editor-firstpass", "Assembly-CSharp-Editor-firstpass.csproj", "{a86f9a22-8844-ee41-5135-5ac763a4fde8}"
EndProject
Project("{FAE04EC0-301F-11D3-BF4B-00C04F79EFBC}") = "Assembly-CSharp-firstpass", "Assembly-CSharp-firstpass.csproj", "{40db3ce5-f91d-618a-5878-81243afdf805}"
EndProject
Global
	GlobalSection(SolutionConfigurationPlatforms) = preSolution
		Debug|Any CPU = Debug|Any CPU
	EndGlobalSection
	GlobalSection(ProjectConfigurationPlatforms) = postSolution
		{daf5ad3f-bd5b-7a4e-baca-0e006f668f89}.Debug|Any CPU.ActiveCfg = Debug|Any CPU
		{daf5ad3f-bd5b-7a4e-baca-0e006f668f89}.Debug|Any CPU.Build.0 = Debug|Any CPU
		{30daff4c-630e-9e03-0dca-dac117ce2649}.Debug|Any CPU.ActiveCfg = Debug|Any CPU
		{30daff4c-630e-9e03-0dca-dac117ce2649}.Debug|Any CPU.Build.0 = Debug|Any CPU
		{3a32b035-13a3-a7c9-ac19-3e89a0371fba}.Debug|Any CPU.ActiveCfg = Debug|Any CPU
		{3a32b035-13a3-a7c9-ac19-3e89a0371fba}.Debug|Any CPU.Build.0 = Debug|Any CPU
		{17e921ab-c3b2-7353-5c44-6a97174cc4ef}.Debug|Any CPU.ActiveCfg = Debug|Any CPU
		{17e921ab-c3b2-7353-5c44-6a97174cc4ef}.Debug|Any CPU.Build.0 = Debug|Any CPU
		{dc94e657-05ce-16d7-805e-74dfc3666403}.Debug|Any CPU.ActiveCfg = Debug|Any CPU
		{dc94e657-05ce-16d7-805e-74dfc3666403}.Debug|Any CPU.Build.0 = Debug|Any CPU
		{280ffc77-3407-018b-b44c-ea54ddac0daf}.Debug|Any CPU.ActiveCfg = Debug|Any CPU
		{280ffc77-3407-018b-b44c-ea54ddac0daf}.Debug|Any CPU.Build.0 = Debug|Any CPU
		{a86f9a22-8844-ee41-5135-5ac763a4fde8}.Debug|Any CPU.ActiveCfg = Debug|Any CPU
		{a86f9a22-8844-ee41-5135-5ac763a4fde8}.Debug|Any CPU.Build.0 = Debug|Any CPU
		{40db3ce5-f91d-618a-5878-81243afdf805}.Debug|Any CPU.ActiveCfg = Debug|Any CPU
		{40db3ce5-f91d-618a-5878-81243afdf805}.Debug|Any CPU.Build.0 = Debug|Any CPU
	EndGlobalSection
	GlobalSection(SolutionProperties) = preSolution
		HideSolutionNode = FALSE
	EndGlobalSection
EndGlobal
