
Microsoft Visual Studio Solution File, Format Version 12.00
# Visual Studio 15
Project("{FAE04EC0-301F-11D3-BF4B-00C04F79EFBC}") = "Core.Input", "Core.Input.csproj", "{3FADF5DA-5BBD-4E7A-BACA-0E006F668F89}"
EndProject
Project("{FAE04EC0-301F-11D3-BF4B-00C04F79EFBC}") = "Assembly-CSharp", "Assembly-CSharp.csproj", "{4CFFDA30-0E63-039E-0DCA-DAC117CE2649}"
EndProject
Project("{FAE04EC0-301F-11D3-BF4B-00C04F79EFBC}") = "DOTween.Modules", "DOTween.Modules.csproj", "{35B0323A-A313-C9A7-AC19-3E89A0371FBA}"
EndProject
Project("{FAE04EC0-301F-11D3-BF4B-00C04F79EFBC}") = "Player", "Player.csproj", "{AB21E917-B2C3-5373-5C44-6A97174CC4EF}"
EndProject
Project("{FAE04EC0-301F-11D3-BF4B-00C04F79EFBC}") = "GameMain", "GameMain.csproj", "{57E694DC-CE05-D716-805E-74DFC3666403}"
EndProject
Project("{FAE04EC0-301F-11D3-BF4B-00C04F79EFBC}") = "Utility", "Utility.csproj", "{77FC0F28-0734-8B01-B44C-EA54DDAC0DAF}"
EndProject
Global
	GlobalSection(SolutionConfigurationPlatforms) = preSolution
		Debug|Any CPU = Debug|Any CPU
		Release|Any CPU = Release|Any CPU
	EndGlobalSection
	GlobalSection(ProjectConfigurationPlatforms) = postSolution
		{3FADF5DA-5BBD-4E7A-BACA-0E006F668F89}.Debug|Any CPU.ActiveCfg = Debug|Any CPU
		{3FADF5DA-5BBD-4E7A-BACA-0E006F668F89}.Debug|Any CPU.Build.0 = Debug|Any CPU
		{3FADF5DA-5BBD-4E7A-BACA-0E006F668F89}.Release|Any CPU.ActiveCfg = Release|Any CPU
		{3FADF5DA-5BBD-4E7A-BACA-0E006F668F89}.Release|Any CPU.Build.0 = Release|Any CPU
		{4CFFDA30-0E63-039E-0DCA-DAC117CE2649}.Debug|Any CPU.ActiveCfg = Debug|Any CPU
		{4CFFDA30-0E63-039E-0DCA-DAC117CE2649}.Debug|Any CPU.Build.0 = Debug|Any CPU
		{4CFFDA30-0E63-039E-0DCA-DAC117CE2649}.Release|Any CPU.ActiveCfg = Release|Any CPU
		{4CFFDA30-0E63-039E-0DCA-DAC117CE2649}.Release|Any CPU.Build.0 = Release|Any CPU
		{35B0323A-A313-C9A7-AC19-3E89A0371FBA}.Debug|Any CPU.ActiveCfg = Debug|Any CPU
		{35B0323A-A313-C9A7-AC19-3E89A0371FBA}.Debug|Any CPU.Build.0 = Debug|Any CPU
		{35B0323A-A313-C9A7-AC19-3E89A0371FBA}.Release|Any CPU.ActiveCfg = Release|Any CPU
		{35B0323A-A313-C9A7-AC19-3E89A0371FBA}.Release|Any CPU.Build.0 = Release|Any CPU
		{AB21E917-B2C3-5373-5C44-6A97174CC4EF}.Debug|Any CPU.ActiveCfg = Debug|Any CPU
		{AB21E917-B2C3-5373-5C44-6A97174CC4EF}.Debug|Any CPU.Build.0 = Debug|Any CPU
		{AB21E917-B2C3-5373-5C44-6A97174CC4EF}.Release|Any CPU.ActiveCfg = Release|Any CPU
		{AB21E917-B2C3-5373-5C44-6A97174CC4EF}.Release|Any CPU.Build.0 = Release|Any CPU
		{57E694DC-CE05-D716-805E-74DFC3666403}.Debug|Any CPU.ActiveCfg = Debug|Any CPU
		{57E694DC-CE05-D716-805E-74DFC3666403}.Debug|Any CPU.Build.0 = Debug|Any CPU
		{57E694DC-CE05-D716-805E-74DFC3666403}.Release|Any CPU.ActiveCfg = Release|Any CPU
		{57E694DC-CE05-D716-805E-74DFC3666403}.Release|Any CPU.Build.0 = Release|Any CPU
		{77FC0F28-0734-8B01-B44C-EA54DDAC0DAF}.Debug|Any CPU.ActiveCfg = Debug|Any CPU
		{77FC0F28-0734-8B01-B44C-EA54DDAC0DAF}.Debug|Any CPU.Build.0 = Debug|Any CPU
		{77FC0F28-0734-8B01-B44C-EA54DDAC0DAF}.Release|Any CPU.ActiveCfg = Release|Any CPU
		{77FC0F28-0734-8B01-B44C-EA54DDAC0DAF}.Release|Any CPU.Build.0 = Release|Any CPU
	EndGlobalSection
	GlobalSection(SolutionProperties) = preSolution
		HideSolutionNode = FALSE
	EndGlobalSection
EndGlobal
